
Microsoft Visual Studio Solution File, Format Version 12.00
# Visual Studio 15
VisualStudioVersion = 15.0.28307.271
MinimumVisualStudioVersion = 10.0.40219.1
Project("{FAE04EC0-301F-11D3-BF4B-00C04F79EFBC}") = "NotPad", "NotPad\NotPad.csproj", "{20E6385B-93F8-430D-894B-637DB93A451F}"
EndProject
Global
	GlobalSection(SolutionConfigurationPlatforms) = preSolution
		Debug|Any CPU = Debug|Any CPU
		Release|Any CPU = Release|Any CPU
	EndGlobalSection
	GlobalSection(ProjectConfigurationPlatforms) = postSolution
		{20E6385B-93F8-430D-894B-637DB93A451F}.Debug|Any CPU.ActiveCfg = Debug|Any CPU
		{20E6385B-93F8-430D-894B-637DB93A451F}.Debug|Any CPU.Build.0 = Debug|Any CPU
		{20E6385B-93F8-430D-894B-637DB93A451F}.Release|Any CPU.ActiveCfg = Release|Any CPU
		{20E6385B-93F8-430D-894B-637DB93A451F}.Release|Any CPU.Build.0 = Release|Any CPU
	EndGlobalSection
	GlobalSection(SolutionProperties) = preSolution
		HideSolutionNode = FALSE
	EndGlobalSection
	GlobalSection(ExtensibilityGlobals) = postSolution
		SolutionGuid = {FC40D5E3-E12B-4A5A-80BF-D01969B1DF1C}
	EndGlobalSection
EndGlobal
